<?xml version="1.0" encoding="utf-8"?>
<Project ToolsVersion="4.0" xmlns="http://schemas.microsoft.com/developer/msbuild/2003">
  <ItemGroup>
    <ClCompile Include="2-1.c" />
    <ClCompile Include="2-2.c" />
    <ClCompile Include="2-7.c" />
    <ClCompile Include="3-2.c" />
    <ClCompile Include="3-3.c" />
    <ClCompile Include="3-4.c" />
    <ClCompile Include="3-5.c" />
    <ClCompile Include="3-6.c" />
    <ClCompile Include="3-7.c" />
    <ClCompile Include="3-8.c" />
    <ClCompile Include="3-9.c" />
    <ClCompile Include="3-10.c" />
    <ClCompile Include="3-11.c" />
    <ClCompile Include="4-1.c" />
    <ClCompile Include="4-2.c" />
    <ClCompile Include="4-4.c" />
    <ClCompile Include="4-11.c" />
    <ClCompile Include="4-challenge.c" />
    <ClCompile Include="4-13.c" />
    <ClCompile Include="5-make-challenge.c" />
    <ClCompile Include="7-3.c" />
    <ClCompile Include="7-5.c" />
    <ClCompile Include="sum_from_1_to_ten_with_recursive.c" />
    <ClCompile Include="check_is_prime.c" />
    <ClCompile Include="my_power.c" />
    <ClCompile Include="choose_menu.c" />
    <ClCompile Include="8-1.c" />
    <ClCompile Include="8-2.c" />
    <ClCompile Include="8-3.c" />
    <ClCompile Include="8-4.c" />
    <ClCompile Include="8-5.c" />
    <ClCompile Include="8-6.c" />
    <ClCompile Include="bigger_to_small.c" />
    <ClCompile Include="calcul_bmi.c" />
    <ClCompile Include="print_prime_number.c" />
    <ClCompile Include="test.cpp" />
    <ClCompile Include="9-5.c" />
    <ClCompile Include="9-6.c" />
    <ClCompile Include="9-7.c" />
    <ClCompile Include="move_number.c" />
    <ClCompile Include="10-1.c" />
    <ClCompile Include="10-2.c" />
    <ClCompile Include="10-3.c" />
    <ClCompile Include="10-4.c" />
    <ClCompile Include="10-5.c" />
    <ClCompile Include="10-6.c" />
    <ClCompile Include="10-7.c" />
    <ClCompile Include="calendar.c" />
    <ClCompile Include="lotto.c" />
    <ClCompile Include="10-a.c" />
    <ClCompile Include="10-b.c" />
    <ClCompile Include="check_lotto.c" />
    <ClCompile Include="mod-5.c" />
    <ClCompile Include="11-1.c" />
    <ClCompile Include="11-3.c" />
    <ClCompile Include="11-4.c" />
    <ClCompile Include="11-5.c" />
    <ClCompile Include="11-6.c" />
    <ClCompile Include="11-7.c" />
    <ClCompile Include="countSo.c" />
    <ClCompile Include="11-10.c" />
    <ClCompile Include="11-c4.c" />
    <ClCompile Include="11-c5.c" />
    <ClCompile Include="11-c6.c" />
    <ClCompile Include="11-c7.c" />
    <ClCompile Include="12-1.c" />
    <ClCompile Include="12-2.c" />
  </ItemGroup>
  <ItemGroup>
    <Filter Include="NewFilter1">
      <UniqueIdentifier>{d1dd5040-317b-4706-8b9c-6b4049174905}</UniqueIdentifier>
    </Filter>
  </ItemGroup>
</Project>