
Microsoft Visual Studio Solution File, Format Version 12.00
# Visual Studio Version 16
VisualStudioVersion = 16.0.32002.261
MinimumVisualStudioVersion = 10.0.40219.1
Project("{8BC9CEB8-8B4A-11D0-8D11-00A0C91BC942}") = "Project1", "Project1.vcxproj", "{21931D02-27EC-4311-94BD-588903A25046}"
EndProject
Global
	GlobalSection(SolutionConfigurationPlatforms) = preSolution
		Debug|x64 = Debug|x64
		Debug|x86 = Debug|x86
		Release|x64 = Release|x64
		Release|x86 = Release|x86
	EndGlobalSection
	GlobalSection(ProjectConfigurationPlatforms) = postSolution
		{21931D02-27EC-4311-94BD-588903A25046}.Debug|x64.ActiveCfg = Debug|x64
		{21931D02-27EC-4311-94BD-588903A25046}.Debug|x64.Build.0 = Debug|x64
		{21931D02-27EC-4311-94BD-588903A25046}.Debug|x86.ActiveCfg = Debug|Win32
		{21931D02-27EC-4311-94BD-588903A25046}.Debug|x86.Build.0 = Debug|Win32
		{21931D02-27EC-4311-94BD-588903A25046}.Release|x64.ActiveCfg = Release|x64
		{21931D02-27EC-4311-94BD-588903A25046}.Release|x64.Build.0 = Release|x64
		{21931D02-27EC-4311-94BD-588903A25046}.Release|x86.ActiveCfg = Release|Win32
		{21931D02-27EC-4311-94BD-588903A25046}.Release|x86.Build.0 = Release|Win32
	EndGlobalSection
	GlobalSection(SolutionProperties) = preSolution
		HideSolutionNode = FALSE
	EndGlobalSection
	GlobalSection(ExtensibilityGlobals) = postSolution
		SolutionGuid = {4F2A5D7A-577E-4EE9-A1E1-A4F498FDB7C0}
	EndGlobalSection
EndGlobal
